<?xml version="1.0" encoding="utf-8"?>
<Project ToolsVersion="4.0" xmlns="http://schemas.microsoft.com/developer/msbuild/2003">
  <ItemGroup>
    <Filter Include="Source">
      <UniqueIdentifier>{4FC737F1-C7A5-4376-A066-2A32D752A2FF}</UniqueIdentifier>
      <Extensions>cpp;c;cc;cxx;def;odl;idl;hpj;bat;asm;asmx</Extensions>
    </Filter>
    <Filter Include="Headers">
      <UniqueIdentifier>{09a8a2aa-6277-49bc-bb28-4446ac81fb47}</UniqueIdentifier>
    </Filter>
    <Filter Include="Source\ImGui">
      <UniqueIdentifier>{71be69f5-8f61-45e8-b4b1-c35cd55a51a3}</UniqueIdentifier>
    </Filter>
  </ItemGroup>
  <ItemGroup>
    <ClCompile Include="DMA\dma.cpp">
        <Filter>Source</Filter>
    </ClCompile>
    <ClCompile Include="main.cpp">
      <Filter>Source</Filter>
    </ClCompile>
    <ClCompile Include="Game.cpp">
      <Filter>Source</Filter>
    </ClCompile>
    <ClCompile Include="globals.cpp">
      <Filter>Source</Filter>
    </ClCompile>
    <ClCompile Include="ImGui\imgui.cpp">
      <Filter>Source\ImGui</Filter>
    </ClCompile>
    <ClCompile Include="ImGui\imgui_demo.cpp">
      <Filter>Source\ImGui</Filter>
    </ClCompile>
    <ClCompile Include="ImGui\imgui_draw.cpp">
      <Filter>Source\ImGui</Filter>
    </ClCompile>
    <ClCompile Include="ImGui\imgui_impl_win32.cpp">
      <Filter>Source\ImGui</Filter>
    </ClCompile>
    <ClCompile Include="ImGui\imgui_widgets.cpp">
      <Filter>Source\ImGui</Filter>
    </ClCompile>
    <ClCompile Include="Vector3.cpp">
      <Filter>Source</Filter>
    </ClCompile>
    <ClCompile Include="Vector2.cpp">
      <Filter>Source</Filter>
    </ClCompile>
    <ClCompile Include="Visible.cpp">
      <Filter>Source</Filter>
    </ClCompile>
    <ClCompile Include="AFK.cpp">
      <Filter>Source</Filter>
    </ClCompile>
    <ClCompile Include="Utility.cpp">
      <Filter>Source</Filter>
    </ClCompile>
    <ClCompile Include="Items.cpp">
      <Filter>Source</Filter>
    </ClCompile>
    <ClCompile Include="GUI.cpp">
      <Filter>Source</Filter>
    </ClCompile>
    <ClCompile Include="ImGui\imgui_impl_dx11.cpp">
      <Filter>Source</Filter>
    </ClCompile>
    <ClCompile Include="MetricsSampler.cpp">
      <Filter>Source</Filter>
    </ClCompile>
    <ClCompile Include="ImGui\imgui_tables.cpp">
      <Filter>Source</Filter>
    </ClCompile>
  </ItemGroup>
  <ItemGroup>
    <ClInclude Include="DMA\dma.h" />
    <ClInclude Include="DMA\leechcore.h" />
    <ClInclude Include="DMA\vmmdll.h" />
    <ClInclude Include="server_shared.h">
      <Filter>Headers</Filter>
    </ClInclude>
    <ClInclude Include="main.h">
      <Filter>Headers</Filter>
    </ClInclude>
    <ClInclude Include="Game.h">
      <Filter>Headers</Filter>
    </ClInclude>
    <ClInclude Include="ImGui\imconfig.h">
      <Filter>Source\ImGui</Filter>
    </ClInclude>
    <ClInclude Include="ImGui\imgui.h">
      <Filter>Source\ImGui</Filter>
    </ClInclude>
    <ClInclude Include="ImGui\imgui_impl_win32.h">
      <Filter>Source\ImGui</Filter>
    </ClInclude>
    <ClInclude Include="ImGui\imgui_internal.h">
      <Filter>Source\ImGui</Filter>
    </ClInclude>
    <ClInclude Include="ImGui\imstb_rectpack.h">
      <Filter>Source\ImGui</Filter>
    </ClInclude>
    <ClInclude Include="ImGui\imstb_textedit.h">
      <Filter>Source\ImGui</Filter>
    </ClInclude>
    <ClInclude Include="ImGui\imstb_truetype.h">
      <Filter>Source\ImGui</Filter>
    </ClInclude>
    <ClInclude Include="globals.h">
      <Filter>Headers</Filter>
    </ClInclude>
    <ClInclude Include="Vector2.h">
      <Filter>Headers</Filter>
    </ClInclude>
    <ClInclude Include="Vector3.h">
      <Filter>Headers</Filter>
    </ClInclude>
    <ClInclude Include="resource.h" />
    <ClInclude Include="Visible.h">
      <Filter>Headers</Filter>
    </ClInclude>
    <ClInclude Include="AFK.h" />
    <ClInclude Include="MemoryUtil.h" />
    <ClInclude Include="Utility.h" />
    <ClInclude Include="Items.h" />
    <ClInclude Include="no_strings.hpp">
      <Filter>Headers</Filter>
    </ClInclude>
    <ClInclude Include="GUI.h" />
    <ClInclude Include="ImGui\imgui_impl_dx11.h" />
    <ClInclude Include="MetricsSampler.h" />
    <ClInclude Include="ImGui\imgui_memory_editor.h" />
  </ItemGroup>
  <ItemGroup>
    <ResourceCompile Include="CoHojte.rc" />
  </ItemGroup>
  <ItemGroup>
    <Image Include="..\..\word.ico" />
  </ItemGroup>
</Project>